// !$*UTF8*$!
{
	archiveVersion = 1;
	classes = {
	};
	objectVersion = 77;
	objects = {

/* Begin PBXBuildFile section */
		455F1C1F2DB0855700E6D61F /* FirebaseAnalytics in Frameworks */ = {isa = PBXBuildFile; productRef = 455F1C1E2DB0855700E6D61F /* FirebaseAnalytics */; };
		455F1C212DB0855700E6D61F /* FirebaseAppCheck in Frameworks */ = {isa = PBXBuildFile; productRef = 455F1C202DB0855700E6D61F /* FirebaseAppCheck */; };
		455F1C232DB0855700E6D61F /* FirebaseAppDistribution-Beta in Frameworks */ = {isa = PBXBuildFile; productRef = 455F1C222DB0855700E6D61F /* FirebaseAppDistribution-Beta */; };
		455F1C252DB0855700E6D61F /* FirebaseAuth in Frameworks */ = {isa = PBXBuildFile; productRef = 455F1C242DB0855700E6D61F /* FirebaseAuth */; };
		455F1C272DB0855700E6D61F /* FirebaseAuthCombine-Community in Frameworks */ = {isa = PBXBuildFile; productRef = 455F1C262DB0855700E6D61F /* FirebaseAuthCombine-Community */; };
		455F1C292DB0855700E6D61F /* FirebaseCore in Frameworks */ = {isa = PBXBuildFile; productRef = 455F1C282DB0855700E6D61F /* FirebaseCore */; };
		455F1C2B2DB0855700E6D61F /* FirebaseDatabase in Frameworks */ = {isa = PBXBuildFile; productRef = 455F1C2A2DB0855700E6D61F /* FirebaseDatabase */; };
		455F1C2D2DB0855700E6D61F /* FirebaseDynamicLinks in Frameworks */ = {isa = PBXBuildFile; productRef = 455F1C2C2DB0855700E6D61F /* FirebaseDynamicLinks */; };
		455F1C2F2DB0855700E6D61F /* FirebaseFirestore in Frameworks */ = {isa = PBXBuildFile; productRef = 455F1C2E2DB0855700E6D61F /* FirebaseFirestore */; };
		455F1C312DB0855700E6D61F /* FirebaseFirestoreCombine-Community in Frameworks */ = {isa = PBXBuildFile; productRef = 455F1C302DB0855700E6D61F /* FirebaseFirestoreCombine-Community */; };
		455F1C332DB0855700E6D61F /* FirebaseMessaging in Frameworks */ = {isa = PBXBuildFile; productRef = 455F1C322DB0855700E6D61F /* FirebaseMessaging */; };
		455F1C352DB0855700E6D61F /* FirebaseStorage in Frameworks */ = {isa = PBXBuildFile; productRef = 455F1C342DB0855700E6D61F /* FirebaseStorage */; };
		455F1C372DB0855700E6D61F /* FirebaseStorageCombine-Community in Frameworks */ = {isa = PBXBuildFile; productRef = 455F1C362DB0855700E6D61F /* FirebaseStorageCombine-Community */; };
		45823B692DB08CD900537FCB /* GoogleService-Info.plist in Resources */ = {isa = PBXBuildFile; fileRef = 45823B682DB08CD900537FCB /* GoogleService-Info.plist */; };
/* End PBXBuildFile section */

/* Begin PBXContainerItemProxy section */
		45E911D42D75E5440035F85D /* PBXContainerItemProxy */ = {
			isa = PBXContainerItemProxy;
			containerPortal = 45E911BB2D75E5420035F85D /* Project object */;
			proxyType = 1;
			remoteGlobalIDString = 45E911C22D75E5420035F85D;
			remoteInfo = Assignment1;
		};
		45E911DE2D75E5440035F85D /* PBXContainerItemProxy */ = {
			isa = PBXContainerItemProxy;
			containerPortal = 45E911BB2D75E5420035F85D /* Project object */;
			proxyType = 1;
			remoteGlobalIDString = 45E911C22D75E5420035F85D;
			remoteInfo = Assignment1;
		};
/* End PBXContainerItemProxy section */

/* Begin PBXFileReference section */
		45823B682DB08CD900537FCB /* GoogleService-Info.plist */ = {isa = PBXFileReference; lastKnownFileType = text.plist.xml; path = "GoogleService-Info.plist"; sourceTree = "<group>"; };
		45E911C32D75E5420035F85D /* Assignment1.app */ = {isa = PBXFileReference; explicitFileType = wrapper.application; includeInIndex = 0; path = Assignment1.app; sourceTree = BUILT_PRODUCTS_DIR; };
		45E911D32D75E5440035F85D /* Assignment1Tests.xctest */ = {isa = PBXFileReference; explicitFileType = wrapper.cfbundle; includeInIndex = 0; path = Assignment1Tests.xctest; sourceTree = BUILT_PRODUCTS_DIR; };
		45E911DD2D75E5440035F85D /* Assignment1UITests.xctest */ = {isa = PBXFileReference; explicitFileType = wrapper.cfbundle; includeInIndex = 0; path = Assignment1UITests.xctest; sourceTree = BUILT_PRODUCTS_DIR; };
/* End PBXFileReference section */

/* Begin PBXFileSystemSynchronizedBuildFileExceptionSet section */
		4540331E2E0945F200C692C8 /* Exceptions for "Assignment1" folder in "Assignment1" target */ = {
			isa = PBXFileSystemSynchronizedBuildFileExceptionSet;
			membershipExceptions = (
				Info.plist,
			);
			target = 45E911C22D75E5420035F85D /* Assignment1 */;
		};
/* End PBXFileSystemSynchronizedBuildFileExceptionSet section */

/* Begin PBXFileSystemSynchronizedRootGroup section */
		45E911C52D75E5420035F85D /* Assignment1 */ = {
			isa = PBXFileSystemSynchronizedRootGroup;
			exceptions = (
				4540331E2E0945F200C692C8 /* Exceptions for "Assignment1" folder in "Assignment1" target */,
			);
			path = Assignment1;
			sourceTree = "<group>";
		};
		45E911D62D75E5440035F85D /* Assignment1Tests */ = {
			isa = PBXFileSystemSynchronizedRootGroup;
			path = Assignment1Tests;
			sourceTree = "<group>";
		};
		45E911E02D75E5440035F85D /* Assignment1UITests */ = {
			isa = PBXFileSystemSynchronizedRootGroup;
			path = Assignment1UITests;
			sourceTree = "<group>";
		};
/* End PBXFileSystemSynchronizedRootGroup section */

/* Begin PBXFrameworksBuildPhase section */
		45E911C02D75E5420035F85D /* Frameworks */ = {
			isa = PBXFrameworksBuildPhase;
			buildActionMask = 2147483647;
			files = (
				455F1C212DB0855700E6D61F /* FirebaseAppCheck in Frameworks */,
				455F1C1F2DB0855700E6D61F /* FirebaseAnalytics in Frameworks */,
				455F1C232DB0855700E6D61F /* FirebaseAppDistribution-Beta in Frameworks */,
				455F1C372DB0855700E6D61F /* FirebaseStorageCombine-Community in Frameworks */,
				455F1C312DB0855700E6D61F /* FirebaseFirestoreCombine-Community in Frameworks */,
				455F1C2D2DB0855700E6D61F /* FirebaseDynamicLinks in Frameworks */,
				455F1C352DB0855700E6D61F /* FirebaseStorage in Frameworks */,
				455F1C252DB0855700E6D61F /* FirebaseAuth in Frameworks */,
				455F1C2F2DB0855700E6D61F /* FirebaseFirestore in Frameworks */,
				455F1C292DB0855700E6D61F /* FirebaseCore in Frameworks */,
				455F1C2B2DB0855700E6D61F /* FirebaseDatabase in Frameworks */,
				455F1C332DB0855700E6D61F /* FirebaseMessaging in Frameworks */,
				455F1C272DB0855700E6D61F /* FirebaseAuthCombine-Community in Frameworks */,
			);
			runOnlyForDeploymentPostprocessing = 0;
		};
		45E911D02D75E5440035F85D /* Frameworks */ = {
			isa = PBXFrameworksBuildPhase;
			buildActionMask = 2147483647;
			files = (
			);
			runOnlyForDeploymentPostprocessing = 0;
		};
		45E911DA2D75E5440035F85D /* Frameworks */ = {
			isa = PBXFrameworksBuildPhase;
			buildActionMask = 2147483647;
			files = (
			);
			runOnlyForDeploymentPostprocessing = 0;
		};
/* End PBXFrameworksBuildPhase section */

/* Begin PBXGroup section */
		45D475202DB0ADEB0047380E /* Frameworks */ = {
			isa = PBXGroup;
			children = (
			);
			name = Frameworks;
			sourceTree = "<group>";
		};
		45E911BA2D75E5420035F85D = {
			isa = PBXGroup;
			children = (
				45E911C52D75E5420035F85D /* Assignment1 */,
				45E911D62D75E5440035F85D /* Assignment1Tests */,
				45E911E02D75E5440035F85D /* Assignment1UITests */,
				45E911C42D75E5420035F85D /* Products */,
				45823B682DB08CD900537FCB /* GoogleService-Info.plist */,
				45D475202DB0ADEB0047380E /* Frameworks */,
			);
			sourceTree = "<group>";
		};
		45E911C42D75E5420035F85D /* Products */ = {
			isa = PBXGroup;
			children = (
				45E911C32D75E5420035F85D /* Assignment1.app */,
				45E911D32D75E5440035F85D /* Assignment1Tests.xctest */,
				45E911DD2D75E5440035F85D /* Assignment1UITests.xctest */,
			);
			name = Products;
			sourceTree = "<group>";
		};
/* End PBXGroup section */

/* Begin PBXNativeTarget section */
		45E911C22D75E5420035F85D /* Assignment1 */ = {
			isa = PBXNativeTarget;
			buildConfigurationList = 45E911E72D75E5440035F85D /* Build configuration list for PBXNativeTarget "Assignment1" */;
			buildPhases = (
				45E911BF2D75E5420035F85D /* Sources */,
				45E911C02D75E5420035F85D /* Frameworks */,
				45E911C12D75E5420035F85D /* Resources */,
			);
			buildRules = (
			);
			dependencies = (
			);
			fileSystemSynchronizedGroups = (
				45E911C52D75E5420035F85D /* Assignment1 */,
			);
			name = Assignment1;
			packageProductDependencies = (
				455F1C1E2DB0855700E6D61F /* FirebaseAnalytics */,
				455F1C202DB0855700E6D61F /* FirebaseAppCheck */,
				455F1C222DB0855700E6D61F /* FirebaseAppDistribution-Beta */,
				455F1C242DB0855700E6D61F /* FirebaseAuth */,
				455F1C262DB0855700E6D61F /* FirebaseAuthCombine-Community */,
				455F1C282DB0855700E6D61F /* FirebaseCore */,
				455F1C2A2DB0855700E6D61F /* FirebaseDatabase */,
				455F1C2C2DB0855700E6D61F /* FirebaseDynamicLinks */,
				455F1C2E2DB0855700E6D61F /* FirebaseFirestore */,
				455F1C302DB0855700E6D61F /* FirebaseFirestoreCombine-Community */,
				455F1C322DB0855700E6D61F /* FirebaseMessaging */,
				455F1C342DB0855700E6D61F /* FirebaseStorage */,
				455F1C362DB0855700E6D61F /* FirebaseStorageCombine-Community */,
			);
			productName = Assignment1;
			productReference = 45E911C32D75E5420035F85D /* Assignment1.app */;
			productType = "com.apple.product-type.application";
		};
		45E911D22D75E5440035F85D /* Assignment1Tests */ = {
			isa = PBXNativeTarget;
			buildConfigurationList = 45E911EA2D75E5440035F85D /* Build configuration list for PBXNativeTarget "Assignment1Tests" */;
			buildPhases = (
				45E911CF2D75E5440035F85D /* Sources */,
				45E911D02D75E5440035F85D /* Frameworks */,
				45E911D12D75E5440035F85D /* Resources */,
			);
			buildRules = (
			);
			dependencies = (
				45E911D52D75E5440035F85D /* PBXTargetDependency */,
			);
			fileSystemSynchronizedGroups = (
				45E911D62D75E5440035F85D /* Assignment1Tests */,
			);
			name = Assignment1Tests;
			packageProductDependencies = (
			);
			productName = Assignment1Tests;
			productReference = 45E911D32D75E5440035F85D /* Assignment1Tests.xctest */;
			productType = "com.apple.product-type.bundle.unit-test";
		};
		45E911DC2D75E5440035F85D /* Assignment1UITests */ = {
			isa = PBXNativeTarget;
			buildConfigurationList = 45E911ED2D75E5440035F85D /* Build configuration list for PBXNativeTarget "Assignment1UITests" */;
			buildPhases = (
				45E911D92D75E5440035F85D /* Sources */,
				45E911DA2D75E5440035F85D /* Frameworks */,
				45E911DB2D75E5440035F85D /* Resources */,
			);
			buildRules = (
			);
			dependencies = (
				45E911DF2D75E5440035F85D /* PBXTargetDependency */,
			);
			fileSystemSynchronizedGroups = (
				45E911E02D75E5440035F85D /* Assignment1UITests */,
			);
			name = Assignment1UITests;
			packageProductDependencies = (
			);
			productName = Assignment1UITests;
			productReference = 45E911DD2D75E5440035F85D /* Assignment1UITests.xctest */;
			productType = "com.apple.product-type.bundle.ui-testing";
		};
/* End PBXNativeTarget section */

/* Begin PBXProject section */
		45E911BB2D75E5420035F85D /* Project object */ = {
			isa = PBXProject;
			attributes = {
				BuildIndependentTargetsInParallel = 1;
				LastSwiftUpdateCheck = 1610;
				LastUpgradeCheck = 1610;
				TargetAttributes = {
					45E911C22D75E5420035F85D = {
						CreatedOnToolsVersion = 16.1;
					};
					45E911D22D75E5440035F85D = {
						CreatedOnToolsVersion = 16.1;
						TestTargetID = 45E911C22D75E5420035F85D;
					};
					45E911DC2D75E5440035F85D = {
						CreatedOnToolsVersion = 16.1;
						TestTargetID = 45E911C22D75E5420035F85D;
					};
				};
			};
			buildConfigurationList = 45E911BE2D75E5420035F85D /* Build configuration list for PBXProject "Assignment1" */;
			developmentRegion = en;
			hasScannedForEncodings = 0;
			knownRegions = (
				en,
				Base,
			);
			mainGroup = 45E911BA2D75E5420035F85D;
			minimizedProjectReferenceProxies = 1;
			packageReferences = (
				45825DD12DAFC5DE006BFED3 /* XCRemoteSwiftPackageReference "firebase-ios-sdk" */,
			);
			preferredProjectObjectVersion = 77;
			productRefGroup = 45E911C42D75E5420035F85D /* Products */;
			projectDirPath = "";
			projectRoot = "";
			targets = (
				45E911C22D75E5420035F85D /* Assignment1 */,
				45E911D22D75E5440035F85D /* Assignment1Tests */,
				45E911DC2D75E5440035F85D /* Assignment1UITests */,
			);
		};
/* End PBXProject section */

/* Begin PBXResourcesBuildPhase section */
		45E911C12D75E5420035F85D /* Resources */ = {
			isa = PBXResourcesBuildPhase;
			buildActionMask = 2147483647;
			files = (
				45823B692DB08CD900537FCB /* GoogleService-Info.plist in Resources */,
			);
			runOnlyForDeploymentPostprocessing = 0;
		};
		45E911D12D75E5440035F85D /* Resources */ = {
			isa = PBXResourcesBuildPhase;
			buildActionMask = 2147483647;
			files = (
			);
			runOnlyForDeploymentPostprocessing = 0;
		};
		45E911DB2D75E5440035F85D /* Resources */ = {
			isa = PBXResourcesBuildPhase;
			buildActionMask = 2147483647;
			files = (
			);
			runOnlyForDeploymentPostprocessing = 0;
		};
/* End PBXResourcesBuildPhase section */

/* Begin PBXSourcesBuildPhase section */
		45E911BF2D75E5420035F85D /* Sources */ = {
			isa = PBXSourcesBuildPhase;
			buildActionMask = 2147483647;
			files = (
			);
			runOnlyForDeploymentPostprocessing = 0;
		};
		45E911CF2D75E5440035F85D /* Sources */ = {
			isa = PBXSourcesBuildPhase;
			buildActionMask = 2147483647;
			files = (
			);
			runOnlyForDeploymentPostprocessing = 0;
		};
		45E911D92D75E5440035F85D /* Sources */ = {
			isa = PBXSourcesBuildPhase;
			buildActionMask = 2147483647;
			files = (
			);
			runOnlyForDeploymentPostprocessing = 0;
		};
/* End PBXSourcesBuildPhase section */

/* Begin PBXTargetDependency section */
		45E911D52D75E5440035F85D /* PBXTargetDependency */ = {
			isa = PBXTargetDependency;
			target = 45E911C22D75E5420035F85D /* Assignment1 */;
			targetProxy = 45E911D42D75E5440035F85D /* PBXContainerItemProxy */;
		};
		45E911DF2D75E5440035F85D /* PBXTargetDependency */ = {
			isa = PBXTargetDependency;
			target = 45E911C22D75E5420035F85D /* Assignment1 */;
			targetProxy = 45E911DE2D75E5440035F85D /* PBXContainerItemProxy */;
		};
/* End PBXTargetDependency section */

/* Begin XCBuildConfiguration section */
		45E911E52D75E5440035F85D /* Debug */ = {
			isa = XCBuildConfiguration;
			buildSettings = {
				ALWAYS_SEARCH_USER_PATHS = NO;
				ASSETCATALOG_COMPILER_GENERATE_SWIFT_ASSET_SYMBOL_EXTENSIONS = YES;
				CLANG_ANALYZER_NONNULL = YES;
				CLANG_ANALYZER_NUMBER_OBJECT_CONVERSION = YES_AGGRESSIVE;
				CLANG_CXX_LANGUAGE_STANDARD = "gnu++20";
				CLANG_ENABLE_MODULES = YES;
				CLANG_ENABLE_OBJC_ARC = YES;
				CLANG_ENABLE_OBJC_WEAK = YES;
				CLANG_WARN_BLOCK_CAPTURE_AUTORELEASING = YES;
				CLANG_WARN_BOOL_CONVERSION = YES;
				CLANG_WARN_COMMA = YES;
				CLANG_WARN_CONSTANT_CONVERSION = YES;
				CLANG_WARN_DEPRECATED_OBJC_IMPLEMENTATIONS = YES;
				CLANG_WARN_DIRECT_OBJC_ISA_USAGE = YES_ERROR;
				CLANG_WARN_DOCUMENTATION_COMMENTS = YES;
				CLANG_WARN_EMPTY_BODY = YES;
				CLANG_WARN_ENUM_CONVERSION = YES;
				CLANG_WARN_INFINITE_RECURSION = YES;
				CLANG_WARN_INT_CONVERSION = YES;
				CLANG_WARN_NON_LITERAL_NULL_CONVERSION = YES;
				CLANG_WARN_OBJC_IMPLICIT_RETAIN_SELF = YES;
				CLANG_WARN_OBJC_LITERAL_CONVERSION = YES;
				CLANG_WARN_OBJC_ROOT_CLASS = YES_ERROR;
				CLANG_WARN_QUOTED_INCLUDE_IN_FRAMEWORK_HEADER = YES;
				CLANG_WARN_RANGE_LOOP_ANALYSIS = YES;
				CLANG_WARN_STRICT_PROTOTYPES = YES;
				CLANG_WARN_SUSPICIOUS_MOVE = YES;
				CLANG_WARN_UNGUARDED_AVAILABILITY = YES_AGGRESSIVE;
				CLANG_WARN_UNREACHABLE_CODE = YES;
				CLANG_WARN__DUPLICATE_METHOD_MATCH = YES;
				COPY_PHASE_STRIP = NO;
				DEBUG_INFORMATION_FORMAT = dwarf;
				ENABLE_STRICT_OBJC_MSGSEND = YES;
				ENABLE_TESTABILITY = YES;
				ENABLE_USER_SCRIPT_SANDBOXING = YES;
				GCC_C_LANGUAGE_STANDARD = gnu17;
				GCC_DYNAMIC_NO_PIC = NO;
				GCC_NO_COMMON_BLOCKS = YES;
				GCC_OPTIMIZATION_LEVEL = 0;
				GCC_PREPROCESSOR_DEFINITIONS = (
					"DEBUG=1",
					"$(inherited)",
				);
				GCC_WARN_64_TO_32_BIT_CONVERSION = YES;
				GCC_WARN_ABOUT_RETURN_TYPE = YES_ERROR;
				GCC_WARN_UNDECLARED_SELECTOR = YES;
				GCC_WARN_UNINITIALIZED_AUTOS = YES_AGGRESSIVE;
				GCC_WARN_UNUSED_FUNCTION = YES;
				GCC_WARN_UNUSED_VARIABLE = YES;
				IPHONEOS_DEPLOYMENT_TARGET = 18.1;
				LOCALIZATION_PREFERS_STRING_CATALOGS = YES;
				MTL_ENABLE_DEBUG_INFO = INCLUDE_SOURCE;
				MTL_FAST_MATH = YES;
				ONLY_ACTIVE_ARCH = YES;
				SDKROOT = iphoneos;
				SWIFT_ACTIVE_COMPILATION_CONDITIONS = "DEBUG $(inherited)";
				SWIFT_OPTIMIZATION_LEVEL = "-Onone";
			};
			name = Debug;
		};
		45E911E62D75E5440035F85D /* Release */ = {
			isa = XCBuildConfiguration;
			buildSettings = {
				ALWAYS_SEARCH_USER_PATHS = NO;
				ASSETCATALOG_COMPILER_GENERATE_SWIFT_ASSET_SYMBOL_EXTENSIONS = YES;
				CLANG_ANALYZER_NONNULL = YES;
				CLANG_ANALYZER_NUMBER_OBJECT_CONVERSION = YES_AGGRESSIVE;
				CLANG_CXX_LANGUAGE_STANDARD = "gnu++20";
				CLANG_ENABLE_MODULES = YES;
				CLANG_ENABLE_OBJC_ARC = YES;
				CLANG_ENABLE_OBJC_WEAK = YES;
				CLANG_WARN_BLOCK_CAPTURE_AUTORELEASING = YES;
				CLANG_WARN_BOOL_CONVERSION = YES;
				CLANG_WARN_COMMA = YES;
				CLANG_WARN_CONSTANT_CONVERSION = YES;
				CLANG_WARN_DEPRECATED_OBJC_IMPLEMENTATIONS = YES;
				CLANG_WARN_DIRECT_OBJC_ISA_USAGE = YES_ERROR;
				CLANG_WARN_DOCUMENTATION_COMMENTS = YES;
				CLANG_WARN_EMPTY_BODY = YES;
				CLANG_WARN_ENUM_CONVERSION = YES;
				CLANG_WARN_INFINITE_RECURSION = YES;
				CLANG_WARN_INT_CONVERSION = YES;
				CLANG_WARN_NON_LITERAL_NULL_CONVERSION = YES;
				CLANG_WARN_OBJC_IMPLICIT_RETAIN_SELF = YES;
				CLANG_WARN_OBJC_LITERAL_CONVERSION = YES;
				CLANG_WARN_OBJC_ROOT_CLASS = YES_ERROR;
				CLANG_WARN_QUOTED_INCLUDE_IN_FRAMEWORK_HEADER = YES;
				CLANG_WARN_RANGE_LOOP_ANALYSIS = YES;
				CLANG_WARN_STRICT_PROTOTYPES = YES;
				CLANG_WARN_SUSPICIOUS_MOVE = YES;
				CLANG_WARN_UNGUARDED_AVAILABILITY = YES_AGGRESSIVE;
				CLANG_WARN_UNREACHABLE_CODE = YES;
				CLANG_WARN__DUPLICATE_METHOD_MATCH = YES;
				COPY_PHASE_STRIP = NO;
				DEBUG_INFORMATION_FORMAT = "dwarf-with-dsym";
				ENABLE_NS_ASSERTIONS = NO;
				ENABLE_STRICT_OBJC_MSGSEND = YES;
				ENABLE_USER_SCRIPT_SANDBOXING = YES;
				GCC_C_LANGUAGE_STANDARD = gnu17;
				GCC_NO_COMMON_BLOCKS = YES;
				GCC_WARN_64_TO_32_BIT_CONVERSION = YES;
				GCC_WARN_ABOUT_RETURN_TYPE = YES_ERROR;
				GCC_WARN_UNDECLARED_SELECTOR = YES;
				GCC_WARN_UNINITIALIZED_AUTOS = YES_AGGRESSIVE;
				GCC_WARN_UNUSED_FUNCTION = YES;
				GCC_WARN_UNUSED_VARIABLE = YES;
				IPHONEOS_DEPLOYMENT_TARGET = 18.1;
				LOCALIZATION_PREFERS_STRING_CATALOGS = YES;
				MTL_ENABLE_DEBUG_INFO = NO;
				MTL_FAST_MATH = YES;
				SDKROOT = iphoneos;
				SWIFT_COMPILATION_MODE = wholemodule;
				VALIDATE_PRODUCT = YES;
			};
			name = Release;
		};
		45E911E82D75E5440035F85D /* Debug */ = {
			isa = XCBuildConfiguration;
			buildSettings = {
				ASSETCATALOG_COMPILER_APPICON_NAME = AppIcon;
				ASSETCATALOG_COMPILER_GLOBAL_ACCENT_COLOR_NAME = AccentColor;
				CODE_SIGN_STYLE = Automatic;
				CURRENT_PROJECT_VERSION = 1;
				DEVELOPMENT_ASSET_PATHS = "\"Assignment1/Preview Content\"";
				ENABLE_PREVIEWS = YES;
				GENERATE_INFOPLIST_FILE = YES;
				INFOPLIST_KEY_UIApplicationSceneManifest_Generation = YES;
				INFOPLIST_KEY_UIApplicationSupportsIndirectInputEvents = YES;
				INFOPLIST_KEY_UILaunchScreen_Generation = YES;
				INFOPLIST_KEY_UISupportedInterfaceOrientations_iPad = "UIInterfaceOrientationPortrait UIInterfaceOrientationPortraitUpsideDown UIInterfaceOrientationLandscapeLeft UIInterfaceOrientationLandscapeRight";
				INFOPLIST_KEY_UISupportedInterfaceOrientations_iPhone = "UIInterfaceOrientationPortrait UIInterfaceOrientationLandscapeLeft UIInterfaceOrientationLandscapeRight";
				LD_RUNPATH_SEARCH_PATHS = (
					"$(inherited)",
					"@executable_path/Frameworks",
				);
				MARKETING_VERSION = 1.0;
				PRODUCT_BUNDLE_IDENTIFIER = lab.Assignment1;
				PRODUCT_NAME = "$(TARGET_NAME)";
				SWIFT_EMIT_LOC_STRINGS = YES;
				SWIFT_VERSION = 5.0;
				TARGETED_DEVICE_FAMILY = "1,2";
			};
			name = Debug;
		};
		45E911E92D75E5440035F85D /* Release */ = {
			isa = XCBuildConfiguration;
			buildSettings = {
				ASSETCATALOG_COMPILER_APPICON_NAME = AppIcon;
				ASSETCATALOG_COMPILER_GLOBAL_ACCENT_COLOR_NAME = AccentColor;
				CODE_SIGN_STYLE = Automatic;
				CURRENT_PROJECT_VERSION = 1;
				DEVELOPMENT_ASSET_PATHS = "\"Assignment1/Preview Content\"";
				ENABLE_PREVIEWS = YES;
				GENERATE_INFOPLIST_FILE = YES;
				INFOPLIST_KEY_UIApplicationSceneManifest_Generation = YES;
				INFOPLIST_KEY_UIApplicationSupportsIndirectInputEvents = YES;
				INFOPLIST_KEY_UILaunchScreen_Generation = YES;
				INFOPLIST_KEY_UISupportedInterfaceOrientations_iPad = "UIInterfaceOrientationPortrait UIInterfaceOrientationPortraitUpsideDown UIInterfaceOrientationLandscapeLeft UIInterfaceOrientationLandscapeRight";
				INFOPLIST_KEY_UISupportedInterfaceOrientations_iPhone = "UIInterfaceOrientationPortrait UIInterfaceOrientationLandscapeLeft UIInterfaceOrientationLandscapeRight";
				LD_RUNPATH_SEARCH_PATHS = (
					"$(inherited)",
					"@executable_path/Frameworks",
				);
				MARKETING_VERSION = 1.0;
				PRODUCT_BUNDLE_IDENTIFIER = lab.Assignment1;
				PRODUCT_NAME = "$(TARGET_NAME)";
				SWIFT_EMIT_LOC_STRINGS = YES;
				SWIFT_VERSION = 5.0;
				TARGETED_DEVICE_FAMILY = "1,2";
			};
			name = Release;
		};
		45E911EB2D75E5440035F85D /* Debug */ = {
			isa = XCBuildConfiguration;
			buildSettings = {
				BUNDLE_LOADER = "$(TEST_HOST)";
				CODE_SIGN_STYLE = Automatic;
				CURRENT_PROJECT_VERSION = 1;
				GENERATE_INFOPLIST_FILE = YES;
				IPHONEOS_DEPLOYMENT_TARGET = 18.1;
				MARKETING_VERSION = 1.0;
				PRODUCT_BUNDLE_IDENTIFIER = lab.Assignment1Tests;
				PRODUCT_NAME = "$(TARGET_NAME)";
				SWIFT_EMIT_LOC_STRINGS = NO;
				SWIFT_VERSION = 5.0;
				TARGETED_DEVICE_FAMILY = "1,2";
				TEST_HOST = "$(BUILT_PRODUCTS_DIR)/Assignment1.app/$(BUNDLE_EXECUTABLE_FOLDER_PATH)/Assignment1";
			};
			name = Debug;
		};
		45E911EC2D75E5440035F85D /* Release */ = {
			isa = XCBuildConfiguration;
			buildSettings = {
				BUNDLE_LOADER = "$(TEST_HOST)";
				CODE_SIGN_STYLE = Automatic;
				CURRENT_PROJECT_VERSION = 1;
				GENERATE_INFOPLIST_FILE = YES;
				IPHONEOS_DEPLOYMENT_TARGET = 18.1;
				MARKETING_VERSION = 1.0;
				PRODUCT_BUNDLE_IDENTIFIER = lab.Assignment1Tests;
				PRODUCT_NAME = "$(TARGET_NAME)";
				SWIFT_EMIT_LOC_STRINGS = NO;
				SWIFT_VERSION = 5.0;
				TARGETED_DEVICE_FAMILY = "1,2";
				TEST_HOST = "$(BUILT_PRODUCTS_DIR)/Assignment1.app/$(BUNDLE_EXECUTABLE_FOLDER_PATH)/Assignment1";
			};
			name = Release;
		};
		45E911EE2D75E5440035F85D /* Debug */ = {
			isa = XCBuildConfiguration;
			buildSettings = {
				CODE_SIGN_STYLE = Automatic;
				CURRENT_PROJECT_VERSION = 1;
				GENERATE_INFOPLIST_FILE = YES;
				MARKETING_VERSION = 1.0;
				PRODUCT_BUNDLE_IDENTIFIER = lab.Assignment1UITests;
				PRODUCT_NAME = "$(TARGET_NAME)";
				SWIFT_EMIT_LOC_STRINGS = NO;
				SWIFT_VERSION = 5.0;
				TARGETED_DEVICE_FAMILY = "1,2";
				TEST_TARGET_NAME = Assignment1;
			};
			name = Debug;
		};
		45E911EF2D75E5440035F85D /* Release */ = {
			isa = XCBuildConfiguration;
			buildSettings = {
				CODE_SIGN_STYLE = Automatic;
				CURRENT_PROJECT_VERSION = 1;
				GENERATE_INFOPLIST_FILE = YES;
				MARKETING_VERSION = 1.0;
				PRODUCT_BUNDLE_IDENTIFIER = lab.Assignment1UITests;
				PRODUCT_NAME = "$(TARGET_NAME)";
				SWIFT_EMIT_LOC_STRINGS = NO;
				SWIFT_VERSION = 5.0;
				TARGETED_DEVICE_FAMILY = "1,2";
				TEST_TARGET_NAME = Assignment1;
			};
			name = Release;
		};
/* End XCBuildConfiguration section */

/* Begin XCConfigurationList section */
		45E911BE2D75E5420035F85D /* Build configuration list for PBXProject "Assignment1" */ = {
			isa = XCConfigurationList;
			buildConfigurations = (
				45E911E52D75E5440035F85D /* Debug */,
				45E911E62D75E5440035F85D /* Release */,
			);
			defaultConfigurationIsVisible = 0;
			defaultConfigurationName = Release;
		};
		45E911E72D75E5440035F85D /* Build configuration list for PBXNativeTarget "Assignment1" */ = {
			isa = XCConfigurationList;
			buildConfigurations = (
				45E911E82D75E5440035F85D /* Debug */,
				45E911E92D75E5440035F85D /* Release */,
			);
			defaultConfigurationIsVisible = 0;
			defaultConfigurationName = Release;
		};
		45E911EA2D75E5440035F85D /* Build configuration list for PBXNativeTarget "Assignment1Tests" */ = {
			isa = XCConfigurationList;
			buildConfigurations = (
				45E911EB2D75E5440035F85D /* Debug */,
				45E911EC2D75E5440035F85D /* Release */,
			);
			defaultConfigurationIsVisible = 0;
			defaultConfigurationName = Release;
		};
		45E911ED2D75E5440035F85D /* Build configuration list for PBXNativeTarget "Assignment1UITests" */ = {
			isa = XCConfigurationList;
			buildConfigurations = (
				45E911EE2D75E5440035F85D /* Debug */,
				45E911EF2D75E5440035F85D /* Release */,
			);
			defaultConfigurationIsVisible = 0;
			defaultConfigurationName = Release;
		};
/* End XCConfigurationList section */

/* Begin XCRemoteSwiftPackageReference section */
		45825DD12DAFC5DE006BFED3 /* XCRemoteSwiftPackageReference "firebase-ios-sdk" */ = {
			isa = XCRemoteSwiftPackageReference;
			repositoryURL = "https://github.com/firebase/firebase-ios-sdk.git";
			requirement = {
				kind = upToNextMajorVersion;
				minimumVersion = 11.11.0;
			};
		};
/* End XCRemoteSwiftPackageReference section */

/* Begin XCSwiftPackageProductDependency section */
		455F1C1E2DB0855700E6D61F /* FirebaseAnalytics */ = {
			isa = XCSwiftPackageProductDependency;
			package = 45825DD12DAFC5DE006BFED3 /* XCRemoteSwiftPackageReference "firebase-ios-sdk" */;
			productName = FirebaseAnalytics;
		};
		455F1C202DB0855700E6D61F /* FirebaseAppCheck */ = {
			isa = XCSwiftPackageProductDependency;
			package = 45825DD12DAFC5DE006BFED3 /* XCRemoteSwiftPackageReference "firebase-ios-sdk" */;
			productName = FirebaseAppCheck;
		};
		455F1C222DB0855700E6D61F /* FirebaseAppDistribution-Beta */ = {
			isa = XCSwiftPackageProductDependency;
			package = 45825DD12DAFC5DE006BFED3 /* XCRemoteSwiftPackageReference "firebase-ios-sdk" */;
			productName = "FirebaseAppDistribution-Beta";
		};
		455F1C242DB0855700E6D61F /* FirebaseAuth */ = {
			isa = XCSwiftPackageProductDependency;
			package = 45825DD12DAFC5DE006BFED3 /* XCRemoteSwiftPackageReference "firebase-ios-sdk" */;
			productName = FirebaseAuth;
		};
		455F1C262DB0855700E6D61F /* FirebaseAuthCombine-Community */ = {
			isa = XCSwiftPackageProductDependency;
			package = 45825DD12DAFC5DE006BFED3 /* XCRemoteSwiftPackageReference "firebase-ios-sdk" */;
			productName = "FirebaseAuthCombine-Community";
		};
		455F1C282DB0855700E6D61F /* FirebaseCore */ = {
			isa = XCSwiftPackageProductDependency;
			package = 45825DD12DAFC5DE006BFED3 /* XCRemoteSwiftPackageReference "firebase-ios-sdk" */;
			productName = FirebaseCore;
		};
		455F1C2A2DB0855700E6D61F /* FirebaseDatabase */ = {
			isa = XCSwiftPackageProductDependency;
			package = 45825DD12DAFC5DE006BFED3 /* XCRemoteSwiftPackageReference "firebase-ios-sdk" */;
			productName = FirebaseDatabase;
		};
		455F1C2C2DB0855700E6D61F /* FirebaseDynamicLinks */ = {
			isa = XCSwiftPackageProductDependency;
			package = 45825DD12DAFC5DE006BFED3 /* XCRemoteSwiftPackageReference "firebase-ios-sdk" */;
			productName = FirebaseDynamicLinks;
		};
		455F1C2E2DB0855700E6D61F /* FirebaseFirestore */ = {
			isa = XCSwiftPackageProductDependency;
			package = 45825DD12DAFC5DE006BFED3 /* XCRemoteSwiftPackageReference "firebase-ios-sdk" */;
			productName = FirebaseFirestore;
		};
		455F1C302DB0855700E6D61F /* FirebaseFirestoreCombine-Community */ = {
			isa = XCSwiftPackageProductDependency;
			package = 45825DD12DAFC5DE006BFED3 /* XCRemoteSwiftPackageReference "firebase-ios-sdk" */;
			productName = "FirebaseFirestoreCombine-Community";
		};
		455F1C322DB0855700E6D61F /* FirebaseMessaging */ = {
			isa = XCSwiftPackageProductDependency;
			package = 45825DD12DAFC5DE006BFED3 /* XCRemoteSwiftPackageReference "firebase-ios-sdk" */;
			productName = FirebaseMessaging;
		};
		455F1C342DB0855700E6D61F /* FirebaseStorage */ = {
			isa = XCSwiftPackageProductDependency;
			package = 45825DD12DAFC5DE006BFED3 /* XCRemoteSwiftPackageReference "firebase-ios-sdk" */;
			productName = FirebaseStorage;
		};
		455F1C362DB0855700E6D61F /* FirebaseStorageCombine-Community */ = {
			isa = XCSwiftPackageProductDependency;
			package = 45825DD12DAFC5DE006BFED3 /* XCRemoteSwiftPackageReference "firebase-ios-sdk" */;
			productName = "FirebaseStorageCombine-Community";
		};
/* End XCSwiftPackageProductDependency section */
	};
	rootObject = 45E911BB2D75E5420035F85D /* Project object */;
}
